
Microsoft Visual Studio Solution File, Format Version 12.00
# Visual Studio Version 17
VisualStudioVersion = 17.7.34024.191
MinimumVisualStudioVersion = 10.0.40219.1
Project("{9A19103F-16F7-4668-BE54-9A1E7A4F7556}") = "MyBlog.Core", "MyBlog.Core\MyBlog.Core.csproj", "{A3C2B01D-D422-45B0-A314-926A9A360312}"
EndProject
Project("{9A19103F-16F7-4668-BE54-9A1E7A4F7556}") = "MyBlog.Data", "MyBlog.Data\MyBlog.Data.csproj", "{C046567E-D22E-4454-B941-A8AA48DAFA9D}"
EndProject
Project("{9A19103F-16F7-4668-BE54-9A1E7A4F7556}") = "MyBlog.Service", "MyBlog.Service\MyBlog.Service.csproj", "{FA571353-6DCD-45B3-B935-B44A90DD5C6F}"
EndProject
Project("{9A19103F-16F7-4668-BE54-9A1E7A4F7556}") = "MyBlog.API", "MyBlog.API\MyBlog.API.csproj", "{CE615AEA-14F2-4303-8780-A4C68D17F1F5}"
EndProject
Project("{9A19103F-16F7-4668-BE54-9A1E7A4F7556}") = "MyBlog.Dtos", "MyBlog.Dtos\MyBlog.Dtos.csproj", "{5BEBEEB6-315D-4E68-8A7B-07B6A7B45D78}"
EndProject
Global
	GlobalSection(SolutionConfigurationPlatforms) = preSolution
		Debug|Any CPU = Debug|Any CPU
		Release|Any CPU = Release|Any CPU
	EndGlobalSection
	GlobalSection(ProjectConfigurationPlatforms) = postSolution
		{A3C2B01D-D422-45B0-A314-926A9A360312}.Debug|Any CPU.ActiveCfg = Debug|Any CPU
		{A3C2B01D-D422-45B0-A314-926A9A360312}.Debug|Any CPU.Build.0 = Debug|Any CPU
		{A3C2B01D-D422-45B0-A314-926A9A360312}.Release|Any CPU.ActiveCfg = Release|Any CPU
		{A3C2B01D-D422-45B0-A314-926A9A360312}.Release|Any CPU.Build.0 = Release|Any CPU
		{C046567E-D22E-4454-B941-A8AA48DAFA9D}.Debug|Any CPU.ActiveCfg = Debug|Any CPU
		{C046567E-D22E-4454-B941-A8AA48DAFA9D}.Debug|Any CPU.Build.0 = Debug|Any CPU
		{C046567E-D22E-4454-B941-A8AA48DAFA9D}.Release|Any CPU.ActiveCfg = Release|Any CPU
		{C046567E-D22E-4454-B941-A8AA48DAFA9D}.Release|Any CPU.Build.0 = Release|Any CPU
		{FA571353-6DCD-45B3-B935-B44A90DD5C6F}.Debug|Any CPU.ActiveCfg = Debug|Any CPU
		{FA571353-6DCD-45B3-B935-B44A90DD5C6F}.Debug|Any CPU.Build.0 = Debug|Any CPU
		{FA571353-6DCD-45B3-B935-B44A90DD5C6F}.Release|Any CPU.ActiveCfg = Release|Any CPU
		{FA571353-6DCD-45B3-B935-B44A90DD5C6F}.Release|Any CPU.Build.0 = Release|Any CPU
		{CE615AEA-14F2-4303-8780-A4C68D17F1F5}.Debug|Any CPU.ActiveCfg = Debug|Any CPU
		{CE615AEA-14F2-4303-8780-A4C68D17F1F5}.Debug|Any CPU.Build.0 = Debug|Any CPU
		{CE615AEA-14F2-4303-8780-A4C68D17F1F5}.Release|Any CPU.ActiveCfg = Release|Any CPU
		{CE615AEA-14F2-4303-8780-A4C68D17F1F5}.Release|Any CPU.Build.0 = Release|Any CPU
		{5BEBEEB6-315D-4E68-8A7B-07B6A7B45D78}.Debug|Any CPU.ActiveCfg = Debug|Any CPU
		{5BEBEEB6-315D-4E68-8A7B-07B6A7B45D78}.Debug|Any CPU.Build.0 = Debug|Any CPU
		{5BEBEEB6-315D-4E68-8A7B-07B6A7B45D78}.Release|Any CPU.ActiveCfg = Release|Any CPU
		{5BEBEEB6-315D-4E68-8A7B-07B6A7B45D78}.Release|Any CPU.Build.0 = Release|Any CPU
	EndGlobalSection
	GlobalSection(SolutionProperties) = preSolution
		HideSolutionNode = FALSE
	EndGlobalSection
	GlobalSection(ExtensibilityGlobals) = postSolution
		SolutionGuid = {4EEBB1F4-F465-48E9-A1DD-3ABF1151000E}
	EndGlobalSection
EndGlobal
